<?xml version="1.0" encoding="utf-8"?>
<Project ToolsVersion="4.0" xmlns="http://schemas.microsoft.com/developer/msbuild/2003">
  <ItemGroup>
    <Filter Include="リソース ファイル">
      <UniqueIdentifier>{67DA6AB6-F800-4c08-8B7A-83BB121AAD01}</UniqueIdentifier>
      <Extensions>rc;ico;cur;bmp;dlg;rc2;rct;bin;rgs;gif;jpg;jpeg;jpe;resx;tiff;tif;png;wav;mfcribbon-ms</Extensions>
    </Filter>
    <Filter Include="リソース ファイル\PixelShader">
      <UniqueIdentifier>{a9755fd2-e8f8-4e2e-854e-68fcfb6a9b68}</UniqueIdentifier>
    </Filter>
    <Filter Include="リソース ファイル\VertexShader">
      <UniqueIdentifier>{e4c96e83-672c-4720-aa96-8ee0c9525558}</UniqueIdentifier>
    </Filter>
    <Filter Include="C++ファイル">
      <UniqueIdentifier>{93995380-89BD-4b04-88EB-625FBE52EBFB}</UniqueIdentifier>
      <Extensions>h;hh;hpp;hxx;h++;hm;inl;inc;ipp;xsd</Extensions>
    </Filter>
    <Filter Include="C++ファイル\System">
      <UniqueIdentifier>{76d7d9cf-96c4-4ff5-a5f6-7dfd24ef09cb}</UniqueIdentifier>
    </Filter>
    <Filter Include="C++ファイル\System\Sound">
      <UniqueIdentifier>{a23bba52-60ec-413c-809e-6093713d21d3}</UniqueIdentifier>
    </Filter>
    <Filter Include="C++ファイル\System\ClassDesign">
      <UniqueIdentifier>{118c2a07-1548-4bb4-aa33-bf617f6dbb05}</UniqueIdentifier>
    </Filter>
    <Filter Include="C++ファイル\App">
      <UniqueIdentifier>{375453a1-ead7-471e-9fe9-85ec8b5e9c71}</UniqueIdentifier>
    </Filter>
    <Filter Include="C++ファイル\App\Component">
      <UniqueIdentifier>{ec0979f1-4d6d-4417-90e9-c3c004455350}</UniqueIdentifier>
    </Filter>
    <Filter Include="C++ファイル\App\Component\Renderer">
      <UniqueIdentifier>{36f73187-79c2-4273-891a-d04ec9c82d8d}</UniqueIdentifier>
    </Filter>
    <Filter Include="C++ファイル\App\Scene">
      <UniqueIdentifier>{e91f7ff3-2c71-4199-8e04-a76fac98f9ec}</UniqueIdentifier>
    </Filter>
    <Filter Include="C++ファイル\App\Event">
      <UniqueIdentifier>{e1cf8052-e28f-4571-aaeb-d4feb3fe0716}</UniqueIdentifier>
    </Filter>
    <Filter Include="C++ファイル\App\Component\Character">
      <UniqueIdentifier>{55ddb99c-485b-402e-b9bf-d52705cfe075}</UniqueIdentifier>
    </Filter>
    <Filter Include="C++ファイル\App\Component\Event">
      <UniqueIdentifier>{1c84f0c2-bf2b-45f9-baef-5739c75cb467}</UniqueIdentifier>
    </Filter>
    <Filter Include="C++ファイル\App\Component\Magic">
      <UniqueIdentifier>{c2b9bbda-0f9b-49e0-b0d3-4200df4a12a2}</UniqueIdentifier>
    </Filter>
    <Filter Include="C++ファイル\App\ViewPoint">
      <UniqueIdentifier>{8061375e-bd2c-4f30-8339-189470432990}</UniqueIdentifier>
    </Filter>
    <Filter Include="C++ファイル\App\Level">
      <UniqueIdentifier>{266fa714-8b11-4d50-8786-49de55fe2021}</UniqueIdentifier>
    </Filter>
    <Filter Include="C++ファイル\App\Fade">
      <UniqueIdentifier>{a69071db-f70e-4089-bb1c-5b38607867ee}</UniqueIdentifier>
    </Filter>
  </ItemGroup>
  <ItemGroup>
    <ClCompile Include="Shader\ShaderBuffer.cpp">
      <Filter>リソース ファイル</Filter>
    </ClCompile>
    <ClCompile Include="App\Component\Object.cpp">
      <Filter>C++ファイル\App\Component</Filter>
    </ClCompile>
    <ClCompile Include="App\Event\Talk.cpp">
      <Filter>C++ファイル\App\Event</Filter>
    </ClCompile>
    <ClCompile Include="App\Scene\SceneMgr.cpp">
      <Filter>C++ファイル\App\Scene</Filter>
    </ClCompile>
    <ClCompile Include="App\EventMgr.cpp">
      <Filter>C++ファイル\App</Filter>
    </ClCompile>
    <ClCompile Include="App\OBJModel.cpp">
      <Filter>C++ファイル\App</Filter>
    </ClCompile>
    <ClCompile Include="App\RenderPipeline.cpp">
      <Filter>C++ファイル\App</Filter>
    </ClCompile>
    <ClCompile Include="System\Sound\Sound.cpp">
      <Filter>C++ファイル\System\Sound</Filter>
    </ClCompile>
    <ClCompile Include="System\DirectX.cpp">
      <Filter>C++ファイル\System</Filter>
    </ClCompile>
    <ClCompile Include="System\DrawBuffer.cpp">
      <Filter>C++ファイル\System</Filter>
    </ClCompile>
    <ClCompile Include="System\Geometory.cpp">
      <Filter>C++ファイル\System</Filter>
    </ClCompile>
    <ClCompile Include="System\Input.cpp">
      <Filter>C++ファイル\System</Filter>
    </ClCompile>
    <ClCompile Include="System\Mouse.cpp">
      <Filter>C++ファイル\System</Filter>
    </ClCompile>
    <ClCompile Include="System\OBJParser.cpp">
      <Filter>C++ファイル\System</Filter>
    </ClCompile>
    <ClCompile Include="System\RenderTarget.cpp">
      <Filter>C++ファイル\System</Filter>
    </ClCompile>
    <ClCompile Include="System\Shader.cpp">
      <Filter>C++ファイル\System</Filter>
    </ClCompile>
    <ClCompile Include="System\Texture.cpp">
      <Filter>C++ファイル\System</Filter>
    </ClCompile>
    <ClCompile Include="MyMath.cpp">
      <Filter>C++ファイル</Filter>
    </ClCompile>
    <ClCompile Include="Startup.cpp">
      <Filter>C++ファイル</Filter>
    </ClCompile>
    <ClCompile Include="App\Component\Character\Character.cpp">
      <Filter>C++ファイル\App\Component\Character</Filter>
    </ClCompile>
    <ClCompile Include="App\Component\Character\Player.cpp">
      <Filter>C++ファイル\App\Component\Character</Filter>
    </ClCompile>
    <ClCompile Include="App\Component\Event\Event.cpp">
      <Filter>C++ファイル\App\Component\Event</Filter>
    </ClCompile>
    <ClCompile Include="App\Component\Event\EventTrigger.cpp">
      <Filter>C++ファイル\App\Component\Event</Filter>
    </ClCompile>
    <ClCompile Include="App\Component\Renderer\Renderer2D.cpp">
      <Filter>C++ファイル\App\Component\Renderer</Filter>
    </ClCompile>
    <ClCompile Include="App\Component\Renderer\Renderer3D.cpp">
      <Filter>C++ファイル\App\Component\Renderer</Filter>
    </ClCompile>
    <ClCompile Include="App\Component\Renderer\BillBoardRenderer.cpp">
      <Filter>C++ファイル\App\Component\Renderer</Filter>
    </ClCompile>
    <ClCompile Include="App\Component\Character\MasterWitch.cpp">
      <Filter>C++ファイル\App\Component\Character</Filter>
    </ClCompile>
    <ClCompile Include="System\LoadFiles.cpp">
      <Filter>C++ファイル\System</Filter>
    </ClCompile>
    <ClCompile Include="System\Clocker.cpp">
      <Filter>C++ファイル\System</Filter>
    </ClCompile>
    <ClCompile Include="App\TexAnimation.cpp">
      <Filter>C++ファイル\App</Filter>
    </ClCompile>
    <ClCompile Include="System\DebugLog.cpp">
      <Filter>C++ファイル\System</Filter>
    </ClCompile>
    <ClCompile Include="App\Component\Mesh.cpp">
      <Filter>C++ファイル\App\Component</Filter>
    </ClCompile>
    <ClCompile Include="App\MeshData.cpp">
      <Filter>C++ファイル\App</Filter>
    </ClCompile>
    <ClCompile Include="App\Component\Collider.cpp">
      <Filter>C++ファイル\App\Component</Filter>
    </ClCompile>
    <ClCompile Include="App\Component\Transform.cpp">
      <Filter>C++ファイル\App\Component</Filter>
    </ClCompile>
    <ClCompile Include="App\Collision.cpp">
      <Filter>C++ファイル\App</Filter>
    </ClCompile>
    <ClCompile Include="App\GameKeyBind.cpp">
      <Filter>C++ファイル\App</Filter>
    </ClCompile>
    <ClCompile Include="System\MessageWindow.cpp">
      <Filter>C++ファイル\System</Filter>
    </ClCompile>
    <ClCompile Include="App\FactoryMethod.cpp">
      <Filter>C++ファイル\App</Filter>
    </ClCompile>
    <ClCompile Include="App\Component\Magic\MagicBullet.cpp">
      <Filter>C++ファイル\App\Component\Magic</Filter>
    </ClCompile>
    <ClCompile Include="App\Component\Magic\MagicRazer.cpp">
      <Filter>C++ファイル\App\Component\Magic</Filter>
    </ClCompile>
    <ClCompile Include="App\TextureData.cpp">
      <Filter>C++ファイル\App</Filter>
    </ClCompile>
    <ClCompile Include="App\Component\Terrain.cpp">
      <Filter>C++ファイル\App\Component</Filter>
    </ClCompile>
    <ClCompile Include="App\Component\Magic\MagicBall.cpp">
      <Filter>C++ファイル\App\Component\Magic</Filter>
    </ClCompile>
    <ClCompile Include="App\Component\Instancing.cpp">
      <Filter>C++ファイル\App\Component</Filter>
    </ClCompile>
    <ClCompile Include="App\Level\LV_MasterWitch.cpp">
      <Filter>C++ファイル\App\Level</Filter>
    </ClCompile>
    <ClCompile Include="App\Level\LV_StageBranch.cpp">
      <Filter>C++ファイル\App\Level</Filter>
    </ClCompile>
    <ClCompile Include="App\Scene\SceneBase.cpp">
      <Filter>C++ファイル\App\Scene</Filter>
    </ClCompile>
    <ClCompile Include="App\Component\RootMotion.cpp">
      <Filter>C++ファイル\App</Filter>
    </ClCompile>
    <ClCompile Include="App\Scene\GameScene.cpp">
      <Filter>C++ファイル\App\Scene</Filter>
    </ClCompile>
    <ClCompile Include="App\ViewPoint\Camera.cpp">
      <Filter>C++ファイル\App\ViewPoint</Filter>
    </ClCompile>
    <ClCompile Include="App\ViewPoint\Light.cpp">
      <Filter>C++ファイル\App\ViewPoint</Filter>
    </ClCompile>
    <ClCompile Include="App\ViewPoint\ViewPoint.cpp">
      <Filter>C++ファイル\App\ViewPoint</Filter>
    </ClCompile>
    <ClCompile Include="App\ViewPoint\LateCamera.cpp">
      <Filter>C++ファイル\App\ViewPoint</Filter>
    </ClCompile>
    <ClCompile Include="App\Scene\TitleScene.cpp">
      <Filter>C++ファイル\App\Scene</Filter>
    </ClCompile>
    <ClCompile Include="App\Image.cpp">
      <Filter>C++ファイル\App</Filter>
    </ClCompile>
    <ClCompile Include="App\Fade\FadeBase.cpp">
      <Filter>C++ファイル\App\Fade</Filter>
    </ClCompile>
    <ClCompile Include="App\Fade\Scene_Level_Fade.cpp">
      <Filter>C++ファイル\App\Fade</Filter>
    </ClCompile>
    <ClCompile Include="App\Fade\Character_Fade.cpp">
      <Filter>C++ファイル\App\Fade</Filter>
    </ClCompile>
    <ClCompile Include="App\Fade\MagicUI_Fade.cpp">
      <Filter>C++ファイル\App\Fade</Filter>
    </ClCompile>
    <ClCompile Include="App\ViewPoint\RotationCamera.cpp">
      <Filter>C++ファイル\App\ViewPoint</Filter>
    </ClCompile>
    <ClCompile Include="App\Level\LV_Cow.cpp">
      <Filter>C++ファイル\App\Level</Filter>
    </ClCompile>
  </ItemGroup>
  <ItemGroup>
    <ClInclude Include="Defines.h">
      <Filter>C++ファイル</Filter>
    </ClInclude>
    <ClInclude Include="System\DrawBuffer.h">
      <Filter>C++ファイル\System</Filter>
    </ClInclude>
    <ClInclude Include="System\Geometory.h">
      <Filter>C++ファイル\System</Filter>
    </ClInclude>
    <ClInclude Include="System\Input.h">
      <Filter>C++ファイル\System</Filter>
    </ClInclude>
    <ClInclude Include="System\Texture.h">
      <Filter>C++ファイル\System</Filter>
    </ClInclude>
    <ClInclude Include="System\Shader.h">
      <Filter>C++ファイル\System</Filter>
    </ClInclude>
    <ClInclude Include="Shader\ShaderBuffer.h">
      <Filter>リソース ファイル</Filter>
    </ClInclude>
    <ClInclude Include="Vector.h">
      <Filter>C++ファイル</Filter>
    </ClInclude>
    <ClInclude Include="MyMath.h">
      <Filter>C++ファイル</Filter>
    </ClInclude>
    <ClInclude Include="App\OBJModel.h">
      <Filter>C++ファイル\App</Filter>
    </ClInclude>
    <ClInclude Include="System\RenderTarget.h">
      <Filter>C++ファイル\System</Filter>
    </ClInclude>
    <ClInclude Include="System\OBJParser.h">
      <Filter>C++ファイル\System</Filter>
    </ClInclude>
    <ClInclude Include="System\Sound\Sound.h">
      <Filter>C++ファイル\System\Sound</Filter>
    </ClInclude>
    <ClInclude Include="App\Component\Component.h">
      <Filter>C++ファイル\App\Component</Filter>
    </ClInclude>
    <ClInclude Include="App\Component\Object.h">
      <Filter>C++ファイル\App\Component</Filter>
    </ClInclude>
    <ClInclude Include="App\RenderPipeline.h">
      <Filter>C++ファイル\App</Filter>
    </ClInclude>
    <ClInclude Include="System\DirectX.h">
      <Filter>C++ファイル\System</Filter>
    </ClInclude>
    <ClInclude Include="System\Clocker.h">
      <Filter>C++ファイル\System</Filter>
    </ClInclude>
    <ClInclude Include="App\EventMgr.h">
      <Filter>C++ファイル\App</Filter>
    </ClInclude>
    <ClInclude Include="System\MessageWindow.h">
      <Filter>C++ファイル\System</Filter>
    </ClInclude>
    <ClInclude Include="App\FactoryMethod.h">
      <Filter>C++ファイル\App</Filter>
    </ClInclude>
    <ClInclude Include="App\Scene\SceneMgr.h">
      <Filter>C++ファイル\App\Scene</Filter>
    </ClInclude>
    <ClInclude Include="App\Event\EventBase.h">
      <Filter>C++ファイル\App\Event</Filter>
    </ClInclude>
    <ClInclude Include="App\Event\Talk.h">
      <Filter>C++ファイル\App\Event</Filter>
    </ClInclude>
    <ClInclude Include="System\LoadFiles.h">
      <Filter>C++ファイル\System</Filter>
    </ClInclude>
    <ClInclude Include="App\Scene\SceneBase.h">
      <Filter>C++ファイル\App\Scene</Filter>
    </ClInclude>
    <ClInclude Include="System\Mouse.h">
      <Filter>C++ファイル\System</Filter>
    </ClInclude>
    <ClInclude Include="System\ClassDesign\Manager.h">
      <Filter>C++ファイル\System\ClassDesign</Filter>
    </ClInclude>
    <ClInclude Include="App\Component\Character\Character.h">
      <Filter>C++ファイル\App\Component\Character</Filter>
    </ClInclude>
    <ClInclude Include="App\Component\Character\Player.h">
      <Filter>C++ファイル\App\Component\Character</Filter>
    </ClInclude>
    <ClInclude Include="App\Component\Event\Event.h">
      <Filter>C++ファイル\App\Component\Event</Filter>
    </ClInclude>
    <ClInclude Include="App\Component\Event\EventTrigger.h">
      <Filter>C++ファイル\App\Component\Event</Filter>
    </ClInclude>
    <ClInclude Include="App\Component\Renderer\BillBoardRenderer.h">
      <Filter>C++ファイル\App\Component\Renderer</Filter>
    </ClInclude>
    <ClInclude Include="App\Component\Renderer\Renderer.h">
      <Filter>C++ファイル\App\Component\Renderer</Filter>
    </ClInclude>
    <ClInclude Include="App\Component\Renderer\Renderer2D.h">
      <Filter>C++ファイル\App\Component\Renderer</Filter>
    </ClInclude>
    <ClInclude Include="App\Component\Renderer\Renderer3D.h">
      <Filter>C++ファイル\App\Component\Renderer</Filter>
    </ClInclude>
    <ClInclude Include="System\ClassDesign\Delegate.h">
      <Filter>C++ファイル\System\ClassDesign</Filter>
    </ClInclude>
    <ClInclude Include="System\ClassDesign\Singleton.h">
      <Filter>C++ファイル\System\ClassDesign</Filter>
    </ClInclude>
    <ClInclude Include="App\Component\Character\MasterWitch.h">
      <Filter>C++ファイル\App\Component\Character</Filter>
    </ClInclude>
    <ClInclude Include="App\TexAnimation.h">
      <Filter>C++ファイル\App</Filter>
    </ClInclude>
    <ClInclude Include="System\DebugLog.h">
      <Filter>C++ファイル\System</Filter>
    </ClInclude>
    <ClInclude Include="System\ClassDesign\StateBase.h">
      <Filter>C++ファイル\System\ClassDesign</Filter>
    </ClInclude>
    <ClInclude Include="App\GameKeyBind.h">
      <Filter>C++ファイル\App</Filter>
    </ClInclude>
    <ClInclude Include="App\Component\Mesh.h">
      <Filter>C++ファイル\App\Component</Filter>
    </ClInclude>
    <ClInclude Include="App\MeshData.h">
      <Filter>C++ファイル\App</Filter>
    </ClInclude>
    <ClInclude Include="App\Component\Collider.h">
      <Filter>C++ファイル\App\Component</Filter>
    </ClInclude>
    <ClInclude Include="App\Collision.h">
      <Filter>C++ファイル\App</Filter>
    </ClInclude>
    <ClInclude Include="App\Component\Transform.h">
      <Filter>C++ファイル\App\Component</Filter>
    </ClInclude>
    <ClInclude Include="App\Component\Magic\MagicBase.h">
      <Filter>C++ファイル\App\Component\Magic</Filter>
    </ClInclude>
    <ClInclude Include="App\Component\Magic\MagicBullet.h">
      <Filter>C++ファイル\App\Component\Magic</Filter>
    </ClInclude>
    <ClInclude Include="App\Component\Magic\MagicRazer.h">
      <Filter>C++ファイル\App\Component\Magic</Filter>
    </ClInclude>
    <ClInclude Include="App\Component\Terrain.h">
      <Filter>C++ファイル\App\Component</Filter>
    </ClInclude>
    <ClInclude Include="App\TextureData.h">
      <Filter>C++ファイル\App</Filter>
    </ClInclude>
    <ClInclude Include="App\Component\Magic\MagicBall.h">
      <Filter>C++ファイル\App\Component\Magic</Filter>
    </ClInclude>
    <ClInclude Include="App\Component\Instancing.h">
      <Filter>C++ファイル\App\Component</Filter>
    </ClInclude>
    <ClInclude Include="System\ClassDesign\Property.h">
      <Filter>C++ファイル\System\ClassDesign</Filter>
    </ClInclude>
    <ClInclude Include="App\Level\LV_MasterWitch.h">
      <Filter>C++ファイル\App\Level</Filter>
    </ClInclude>
    <ClInclude Include="App\Level\LevelBase.h">
      <Filter>C++ファイル\App\Level</Filter>
    </ClInclude>
    <ClInclude Include="App\Level\LV_StageBranch.h">
      <Filter>C++ファイル\App\Level</Filter>
    </ClInclude>
    <ClInclude Include="App\Component\RootMotion.h">
      <Filter>C++ファイル\App\Component</Filter>
    </ClInclude>
    <ClInclude Include="App\Scene\TitleScene.h">
      <Filter>C++ファイル\App\Scene</Filter>
    </ClInclude>
    <ClInclude Include="App\Scene\GameScene.h">
      <Filter>C++ファイル\App\Scene</Filter>
    </ClInclude>
    <ClInclude Include="App\ViewPoint\Camera.h">
      <Filter>C++ファイル\App\ViewPoint</Filter>
    </ClInclude>
    <ClInclude Include="App\ViewPoint\Light.h">
      <Filter>C++ファイル\App\ViewPoint</Filter>
    </ClInclude>
    <ClInclude Include="App\ViewPoint\ViewPoint.h">
      <Filter>C++ファイル\App\ViewPoint</Filter>
    </ClInclude>
    <ClInclude Include="App\ViewPoint\LateCamera.h">
      <Filter>C++ファイル\App\ViewPoint</Filter>
    </ClInclude>
    <ClInclude Include="App\ViewPoint\RotationCamera.h">
      <Filter>C++ファイル\App\ViewPoint</Filter>
    </ClInclude>
    <ClInclude Include="App\Image.h">
      <Filter>C++ファイル\App</Filter>
    </ClInclude>
    <ClInclude Include="App\Fade\Scene_Level_Fade.h">
      <Filter>C++ファイル\App\Fade</Filter>
    </ClInclude>
    <ClInclude Include="App\Fade\FadeBase.h">
      <Filter>C++ファイル\App\Fade</Filter>
    </ClInclude>
    <ClInclude Include="App\Fade\Character_Fade.h">
      <Filter>C++ファイル\App\Fade</Filter>
    </ClInclude>
    <ClInclude Include="App\Fade\MagicUI_Fade.h">
      <Filter>C++ファイル\App\Fade</Filter>
    </ClInclude>
    <ClInclude Include="App\Level\LV_Cow.h">
      <Filter>C++ファイル\App\Level</Filter>
    </ClInclude>
  </ItemGroup>
  <ItemGroup>
    <FxCompile Include="Shader\VSNormal.hlsl">
      <Filter>リソース ファイル\VertexShader</Filter>
    </FxCompile>
    <FxCompile Include="Shader\PSNormal.hlsl">
      <Filter>リソース ファイル\PixelShader</Filter>
    </FxCompile>
    <FxCompile Include="Shader\VSLightDepth.hlsl">
      <Filter>リソース ファイル\VertexShader</Filter>
    </FxCompile>
    <FxCompile Include="Shader\PSLightDepth.hlsl">
      <Filter>リソース ファイル\PixelShader</Filter>
    </FxCompile>
    <FxCompile Include="Shader\PSCharacter.hlsl">
      <Filter>リソース ファイル\PixelShader</Filter>
    </FxCompile>
    <FxCompile Include="Shader\PSEffect.hlsl">
      <Filter>リソース ファイル\PixelShader</Filter>
    </FxCompile>
    <FxCompile Include="Shader\PSDOF.hlsl">
      <Filter>リソース ファイル\PixelShader</Filter>
    </FxCompile>
    <FxCompile Include="Shader\VSGaussianBlur.hlsl">
      <Filter>リソース ファイル\VertexShader</Filter>
    </FxCompile>
    <FxCompile Include="Shader\PSGaussianBlur.hlsl">
      <Filter>リソース ファイル\PixelShader</Filter>
    </FxCompile>
    <FxCompile Include="Shader\VSCameraDepth.hlsl">
      <Filter>リソース ファイル\VertexShader</Filter>
    </FxCompile>
    <FxCompile Include="Shader\PSKawaseBloom.hlsl">
      <Filter>リソース ファイル\PixelShader</Filter>
    </FxCompile>
    <FxCompile Include="Shader\PSWaterReflection.hlsl">
      <Filter>リソース ファイル\PixelShader</Filter>
    </FxCompile>
    <FxCompile Include="Shader\VSWaterReflection.hlsl">
      <Filter>リソース ファイル\VertexShader</Filter>
    </FxCompile>
    <FxCompile Include="Shader\VSGrassMove.hlsl">
      <Filter>リソース ファイル\VertexShader</Filter>
    </FxCompile>
    <FxCompile Include="Shader\PSMainScreen.hlsl">
      <Filter>リソース ファイル\PixelShader</Filter>
    </FxCompile>
    <FxCompile Include="Shader\PSCameraDepth.hlsl">
      <Filter>リソース ファイル\PixelShader</Filter>
    </FxCompile>
    <FxCompile Include="Shader\PSFade.hlsl">
      <Filter>リソース ファイル\PixelShader</Filter>
    </FxCompile>
    <FxCompile Include="Shader\PSObjModel.hlsl">
      <Filter>リソース ファイル\PixelShader</Filter>
    </FxCompile>
    <FxCompile Include="Shader\VSObjModel.hlsl">
      <Filter>リソース ファイル\VertexShader</Filter>
    </FxCompile>
  </ItemGroup>
</Project>